
Microsoft Visual Studio Solution File, Format Version 12.00
# Visual Studio Version 16
VisualStudioVersion = 16.0.30621.155
MinimumVisualStudioVersion = 10.0.40219.1
Project("{FAE04EC0-301F-11D3-BF4B-00C04F79EFBC}") = "MVCBasicAJaxProject", "MVCBasicAJaxProject\MVCBasicAJaxProject.csproj", "{1B03B6CA-9D92-434E-870F-873E42211067}"
EndProject
Global
	GlobalSection(SolutionConfigurationPlatforms) = preSolution
		Debug|Any CPU = Debug|Any CPU
		Release|Any CPU = Release|Any CPU
	EndGlobalSection
	GlobalSection(ProjectConfigurationPlatforms) = postSolution
		{1B03B6CA-9D92-434E-870F-873E42211067}.Debug|Any CPU.ActiveCfg = Debug|Any CPU
		{1B03B6CA-9D92-434E-870F-873E42211067}.Debug|Any CPU.Build.0 = Debug|Any CPU
		{1B03B6CA-9D92-434E-870F-873E42211067}.Release|Any CPU.ActiveCfg = Release|Any CPU
		{1B03B6CA-9D92-434E-870F-873E42211067}.Release|Any CPU.Build.0 = Release|Any CPU
	EndGlobalSection
	GlobalSection(SolutionProperties) = preSolution
		HideSolutionNode = FALSE
	EndGlobalSection
	GlobalSection(ExtensibilityGlobals) = postSolution
		SolutionGuid = {4A2E9AF0-794F-4B36-858E-7A28BDB35086}
	EndGlobalSection
EndGlobal
